
Microsoft Visual Studio Solution File, Format Version 12.00
# Visual Studio 15
Project("{FAE04EC0-301F-11D3-BF4B-00C04F79EFBC}") = "Jellyfin.Plugin.OpenSubtitles", "Jellyfin.Plugin.OpenSubtitles\Jellyfin.Plugin.OpenSubtitles.csproj", "{DCD0C8B9-A493-4A66-B8EE-8748D430B660}"
EndProject
Global
	GlobalSection(SolutionConfigurationPlatforms) = preSolution
		Debug|Any CPU = Debug|Any CPU
		Release|Any CPU = Release|Any CPU
	EndGlobalSection
	GlobalSection(ProjectConfigurationPlatforms) = postSolution
		{DCD0C8B9-A493-4A66-B8EE-8748D430B660}.Debug|Any CPU.ActiveCfg = Debug|Any CPU
		{DCD0C8B9-A493-4A66-B8EE-8748D430B660}.Debug|Any CPU.Build.0 = Debug|Any CPU
		{DCD0C8B9-A493-4A66-B8EE-8748D430B660}.Release|Any CPU.ActiveCfg = Release|Any CPU
		{DCD0C8B9-A493-4A66-B8EE-8748D430B660}.Release|Any CPU.Build.0 = Release|Any CPU
	EndGlobalSection
EndGlobal
